
Microsoft Visual Studio Solution File, Format Version 12.00
# Visual Studio Version 16
VisualStudioVersion = 16.0.30804.86
MinimumVisualStudioVersion = 10.0.40219.1
Project("{FAE04EC0-301F-11D3-BF4B-00C04F79EFBC}") = "ebob_ekok", "ebob_ekok\ebob_ekok.csproj", "{006D537B-F161-4657-A9EB-355B144E2AFC}"
EndProject
Global
	GlobalSection(SolutionConfigurationPlatforms) = preSolution
		Debug|Any CPU = Debug|Any CPU
		Release|Any CPU = Release|Any CPU
	EndGlobalSection
	GlobalSection(ProjectConfigurationPlatforms) = postSolution
		{006D537B-F161-4657-A9EB-355B144E2AFC}.Debug|Any CPU.ActiveCfg = Debug|Any CPU
		{006D537B-F161-4657-A9EB-355B144E2AFC}.Debug|Any CPU.Build.0 = Debug|Any CPU
		{006D537B-F161-4657-A9EB-355B144E2AFC}.Release|Any CPU.ActiveCfg = Release|Any CPU
		{006D537B-F161-4657-A9EB-355B144E2AFC}.Release|Any CPU.Build.0 = Release|Any CPU
	EndGlobalSection
	GlobalSection(SolutionProperties) = preSolution
		HideSolutionNode = FALSE
	EndGlobalSection
	GlobalSection(ExtensibilityGlobals) = postSolution
		SolutionGuid = {3082D0B2-B71A-44DF-894E-DD9DB6F3CBF6}
	EndGlobalSection
EndGlobal
